
Microsoft Visual Studio Solution File, Format Version 12.00
# Visual Studio Version 16
VisualStudioVersion = 16.0.30320.27
MinimumVisualStudioVersion = 10.0.40219.1
Project("{9A19103F-16F7-4668-BE54-9A1E7A4F7556}") = "GreenvilleWiApi.WebApi", "GreenvilleWiApi.WebApi\GreenvilleWiApi.WebApi.csproj", "{94E94B57-1640-429C-9F8F-F6C4B47F96FE}"
EndProject
Project("{FAE04EC0-301F-11D3-BF4B-00C04F79EFBC}") = "GreenvilleWiApi.Data", "GreenvilleWiApi.Data\GreenvilleWiApi.Data.csproj", "{5B49C9AD-DB2E-44C1-BD2F-321DDC749CE6}"
EndProject
Project("{FAE04EC0-301F-11D3-BF4B-00C04F79EFBC}") = "GreenvilleWiApi.Test", "GreenvilleWiApi.Test\GreenvilleWiApi.Test.csproj", "{37780AC6-3158-4E87-87FC-A7DED8F8E6A3}"
EndProject
Global
	GlobalSection(SolutionConfigurationPlatforms) = preSolution
		Debug|Any CPU = Debug|Any CPU
		Release|Any CPU = Release|Any CPU
	EndGlobalSection
	GlobalSection(ProjectConfigurationPlatforms) = postSolution
		{94E94B57-1640-429C-9F8F-F6C4B47F96FE}.Debug|Any CPU.ActiveCfg = Debug|Any CPU
		{94E94B57-1640-429C-9F8F-F6C4B47F96FE}.Debug|Any CPU.Build.0 = Debug|Any CPU
		{94E94B57-1640-429C-9F8F-F6C4B47F96FE}.Release|Any CPU.ActiveCfg = Release|Any CPU
		{94E94B57-1640-429C-9F8F-F6C4B47F96FE}.Release|Any CPU.Build.0 = Release|Any CPU
		{5B49C9AD-DB2E-44C1-BD2F-321DDC749CE6}.Debug|Any CPU.ActiveCfg = Debug|Any CPU
		{5B49C9AD-DB2E-44C1-BD2F-321DDC749CE6}.Debug|Any CPU.Build.0 = Debug|Any CPU
		{5B49C9AD-DB2E-44C1-BD2F-321DDC749CE6}.Release|Any CPU.ActiveCfg = Release|Any CPU
		{5B49C9AD-DB2E-44C1-BD2F-321DDC749CE6}.Release|Any CPU.Build.0 = Release|Any CPU
		{37780AC6-3158-4E87-87FC-A7DED8F8E6A3}.Debug|Any CPU.ActiveCfg = Debug|Any CPU
		{37780AC6-3158-4E87-87FC-A7DED8F8E6A3}.Debug|Any CPU.Build.0 = Debug|Any CPU
		{37780AC6-3158-4E87-87FC-A7DED8F8E6A3}.Release|Any CPU.ActiveCfg = Release|Any CPU
		{37780AC6-3158-4E87-87FC-A7DED8F8E6A3}.Release|Any CPU.Build.0 = Release|Any CPU
	EndGlobalSection
	GlobalSection(SolutionProperties) = preSolution
		HideSolutionNode = FALSE
	EndGlobalSection
	GlobalSection(ExtensibilityGlobals) = postSolution
		SolutionGuid = {B8E073EE-26FA-4D22-9972-898A17E7E24B}
	EndGlobalSection
EndGlobal
